// !$*UTF8*$!
{
	archiveVersion = 1;
	classes = {
	};
	objectVersion = 46;
	objects = {

/* Begin PBXBuildFile section */
		3D9BF0C71E2FCFB5008F3F9B /* AppDelegate.swift in Sources */ = {isa = PBXBuildFile; fileRef = 3D9BF0C61E2FCFB5008F3F9B /* AppDelegate.swift */; };
		3D9BF0CC1E2FCFB6008F3F9B /* Main.storyboard in Resources */ = {isa = PBXBuildFile; fileRef = 3D9BF0CA1E2FCFB6008F3F9B /* Main.storyboard */; };
		3D9BF0CE1E2FCFB7008F3F9B /* Assets.xcassets in Resources */ = {isa = PBXBuildFile; fileRef = 3D9BF0CD1E2FCFB7008F3F9B /* Assets.xcassets */; };
		3D9BF0D11E2FCFB7008F3F9B /* LaunchScreen.storyboard in Resources */ = {isa = PBXBuildFile; fileRef = 3D9BF0CF1E2FCFB7008F3F9B /* LaunchScreen.storyboard */; };
		3DBDD5291E301A5D00D2A517 /* ScheduleViewController.swift in Sources */ = {isa = PBXBuildFile; fileRef = 3DBDD5281E301A5D00D2A517 /* ScheduleViewController.swift */; };
		3DBDD52B1E30217500D2A517 /* Game.swift in Sources */ = {isa = PBXBuildFile; fileRef = 3DBDD52A1E30217500D2A517 /* Game.swift */; };
		3DBDD52D1E3021B300D2A517 /* GameModel.swift in Sources */ = {isa = PBXBuildFile; fileRef = 3DBDD52C1E3021B300D2A517 /* GameModel.swift */; };
		3DBDD52F1E3032C800D2A517 /* GameTableViewCell.swift in Sources */ = {isa = PBXBuildFile; fileRef = 3DBDD52E1E3032C800D2A517 /* GameTableViewCell.swift */; };
		3DBDD5321E3048E200D2A517 /* Formatter.swift in Sources */ = {isa = PBXBuildFile; fileRef = 3DBDD5311E3048E200D2A517 /* Formatter.swift */; };
		3DEF40DF1E344EEE00237EBB /* DirectionHeaderCell.swift in Sources */ = {isa = PBXBuildFile; fileRef = 3DEF40DE1E344EEE00237EBB /* DirectionHeaderCell.swift */; };
		3DEF40E11E34563D00237EBB /* DirectionFooterCell.swift in Sources */ = {isa = PBXBuildFile; fileRef = 3DEF40E01E34563D00237EBB /* DirectionFooterCell.swift */; };
		3DEF9E361E32C18300882BDC /* AddressCell.swift in Sources */ = {isa = PBXBuildFile; fileRef = 3DEF9E351E32C18300882BDC /* AddressCell.swift */; };
		3DEF9E381E32D27400882BDC /* SquadCell.swift in Sources */ = {isa = PBXBuildFile; fileRef = 3DEF9E371E32D27400882BDC /* SquadCell.swift */; };
		3DEF9E3A1E32E9F000882BDC /* MapViewController.swift in Sources */ = {isa = PBXBuildFile; fileRef = 3DEF9E391E32E9F000882BDC /* MapViewController.swift */; };
		3DF7FAAA1E313342006DD9E5 /* EmptyViewController.swift in Sources */ = {isa = PBXBuildFile; fileRef = 3DF7FAA91E313341006DD9E5 /* EmptyViewController.swift */; };
		3DF7FAAC1E31341B006DD9E5 /* GameViewController.swift in Sources */ = {isa = PBXBuildFile; fileRef = 3DF7FAAB1E31341B006DD9E5 /* GameViewController.swift */; };
		3DF7FAAE1E313A9A006DD9E5 /* GameCollectionCell.swift in Sources */ = {isa = PBXBuildFile; fileRef = 3DF7FAAD1E313A9A006DD9E5 /* GameCollectionCell.swift */; };
		3DF7FAB11E3171D5006DD9E5 /* Service.swift in Sources */ = {isa = PBXBuildFile; fileRef = 3DF7FAB01E3171D5006DD9E5 /* Service.swift */; };
		3DF7FAB31E317226006DD9E5 /* Properties.plist in Resources */ = {isa = PBXBuildFile; fileRef = 3DF7FAB21E317226006DD9E5 /* Properties.plist */; };
		3DF7FAB51E317802006DD9E5 /* Result.swift in Sources */ = {isa = PBXBuildFile; fileRef = 3DF7FAB41E317802006DD9E5 /* Result.swift */; };
		3DFE79341E33FE1800DB7183 /* DirectionsViewController.swift in Sources */ = {isa = PBXBuildFile; fileRef = 3DFE79331E33FE1800DB7183 /* DirectionsViewController.swift */; };
/* End PBXBuildFile section */

/* Begin PBXFileReference section */
		3D9BF0C31E2FCFB5008F3F9B /* MyTeam.app */ = {isa = PBXFileReference; explicitFileType = wrapper.application; includeInIndex = 0; path = MyTeam.app; sourceTree = BUILT_PRODUCTS_DIR; };
		3D9BF0C61E2FCFB5008F3F9B /* AppDelegate.swift */ = {isa = PBXFileReference; lastKnownFileType = sourcecode.swift; path = AppDelegate.swift; sourceTree = "<group>"; };
		3D9BF0CB1E2FCFB6008F3F9B /* Base */ = {isa = PBXFileReference; lastKnownFileType = file.storyboard; name = Base; path = Base.lproj/Main.storyboard; sourceTree = "<group>"; };
		3D9BF0CD1E2FCFB7008F3F9B /* Assets.xcassets */ = {isa = PBXFileReference; lastKnownFileType = folder.assetcatalog; path = Assets.xcassets; sourceTree = "<group>"; };
		3D9BF0D01E2FCFB7008F3F9B /* Base */ = {isa = PBXFileReference; lastKnownFileType = file.storyboard; name = Base; path = Base.lproj/LaunchScreen.storyboard; sourceTree = "<group>"; };
		3D9BF0D21E2FCFB8008F3F9B /* Info.plist */ = {isa = PBXFileReference; lastKnownFileType = text.plist.xml; path = Info.plist; sourceTree = "<group>"; };
		3DBDD5281E301A5D00D2A517 /* ScheduleViewController.swift */ = {isa = PBXFileReference; fileEncoding = 4; lastKnownFileType = sourcecode.swift; path = ScheduleViewController.swift; sourceTree = "<group>"; };
		3DBDD52A1E30217500D2A517 /* Game.swift */ = {isa = PBXFileReference; fileEncoding = 4; lastKnownFileType = sourcecode.swift; path = Game.swift; sourceTree = "<group>"; };
		3DBDD52C1E3021B300D2A517 /* GameModel.swift */ = {isa = PBXFileReference; fileEncoding = 4; lastKnownFileType = sourcecode.swift; path = GameModel.swift; sourceTree = "<group>"; };
		3DBDD52E1E3032C800D2A517 /* GameTableViewCell.swift */ = {isa = PBXFileReference; fileEncoding = 4; lastKnownFileType = sourcecode.swift; path = GameTableViewCell.swift; sourceTree = "<group>"; };
		3DBDD5311E3048E200D2A517 /* Formatter.swift */ = {isa = PBXFileReference; fileEncoding = 4; lastKnownFileType = sourcecode.swift; path = Formatter.swift; sourceTree = "<group>"; };
		3DEF40DE1E344EEE00237EBB /* DirectionHeaderCell.swift */ = {isa = PBXFileReference; fileEncoding = 4; lastKnownFileType = sourcecode.swift; path = DirectionHeaderCell.swift; sourceTree = "<group>"; };
		3DEF40E01E34563D00237EBB /* DirectionFooterCell.swift */ = {isa = PBXFileReference; fileEncoding = 4; lastKnownFileType = sourcecode.swift; path = DirectionFooterCell.swift; sourceTree = "<group>"; };
		3DEF9E351E32C18300882BDC /* AddressCell.swift */ = {isa = PBXFileReference; fileEncoding = 4; lastKnownFileType = sourcecode.swift; path = AddressCell.swift; sourceTree = "<group>"; };
		3DEF9E371E32D27400882BDC /* SquadCell.swift */ = {isa = PBXFileReference; fileEncoding = 4; lastKnownFileType = sourcecode.swift; path = SquadCell.swift; sourceTree = "<group>"; };
		3DEF9E391E32E9F000882BDC /* MapViewController.swift */ = {isa = PBXFileReference; fileEncoding = 4; lastKnownFileType = sourcecode.swift; path = MapViewController.swift; sourceTree = "<group>"; };
		3DF7FAA91E313341006DD9E5 /* EmptyViewController.swift */ = {isa = PBXFileReference; fileEncoding = 4; lastKnownFileType = sourcecode.swift; path = EmptyViewController.swift; sourceTree = "<group>"; };
		3DF7FAAB1E31341B006DD9E5 /* GameViewController.swift */ = {isa = PBXFileReference; fileEncoding = 4; lastKnownFileType = sourcecode.swift; path = GameViewController.swift; sourceTree = "<group>"; };
		3DF7FAAD1E313A9A006DD9E5 /* GameCollectionCell.swift */ = {isa = PBXFileReference; fileEncoding = 4; lastKnownFileType = sourcecode.swift; path = GameCollectionCell.swift; sourceTree = "<group>"; };
		3DF7FAB01E3171D5006DD9E5 /* Service.swift */ = {isa = PBXFileReference; fileEncoding = 4; lastKnownFileType = sourcecode.swift; path = Service.swift; sourceTree = "<group>"; };
		3DF7FAB21E317226006DD9E5 /* Properties.plist */ = {isa = PBXFileReference; fileEncoding = 4; lastKnownFileType = text.plist.xml; path = Properties.plist; sourceTree = "<group>"; };
		3DF7FAB41E317802006DD9E5 /* Result.swift */ = {isa = PBXFileReference; fileEncoding = 4; lastKnownFileType = sourcecode.swift; path = Result.swift; sourceTree = "<group>"; };
		3DFE79331E33FE1800DB7183 /* DirectionsViewController.swift */ = {isa = PBXFileReference; fileEncoding = 4; lastKnownFileType = sourcecode.swift; path = DirectionsViewController.swift; sourceTree = "<group>"; };
/* End PBXFileReference section */

/* Begin PBXFrameworksBuildPhase section */
		3D9BF0C01E2FCFB5008F3F9B /* Frameworks */ = {
			isa = PBXFrameworksBuildPhase;
			buildActionMask = 2147483647;
			files = (
			);
			runOnlyForDeploymentPostprocessing = 0;
		};
/* End PBXFrameworksBuildPhase section */

/* Begin PBXGroup section */
		3D9BF0BA1E2FCFB5008F3F9B = {
			isa = PBXGroup;
			children = (
				3D9BF0C51E2FCFB5008F3F9B /* MyTeam */,
				3D9BF0C41E2FCFB5008F3F9B /* Products */,
			);
			sourceTree = "<group>";
		};
		3D9BF0C41E2FCFB5008F3F9B /* Products */ = {
			isa = PBXGroup;
			children = (
				3D9BF0C31E2FCFB5008F3F9B /* MyTeam.app */,
			);
			name = Products;
			sourceTree = "<group>";
		};
		3D9BF0C51E2FCFB5008F3F9B /* MyTeam */ = {
			isa = PBXGroup;
			children = (
				3DF7FAAF1E317130006DD9E5 /* Service */,
				3DBDD5301E3048D000D2A517 /* Helpers */,
				3D9BF0DA1E2FD01F008F3F9B /* Views */,
				3D9BF0D91E2FD005008F3F9B /* Model */,
				3D9BF0D81E2FCFD0008F3F9B /* ViewControllers */,
				3D9BF0C61E2FCFB5008F3F9B /* AppDelegate.swift */,
				3D9BF0CA1E2FCFB6008F3F9B /* Main.storyboard */,
				3D9BF0CD1E2FCFB7008F3F9B /* Assets.xcassets */,
				3D9BF0CF1E2FCFB7008F3F9B /* LaunchScreen.storyboard */,
				3D9BF0D21E2FCFB8008F3F9B /* Info.plist */,
				3DF7FAB21E317226006DD9E5 /* Properties.plist */,
			);
			path = MyTeam;
			sourceTree = "<group>";
		};
		3D9BF0D81E2FCFD0008F3F9B /* ViewControllers */ = {
			isa = PBXGroup;
			children = (
				3DBDD5281E301A5D00D2A517 /* ScheduleViewController.swift */,
				3DF7FAA91E313341006DD9E5 /* EmptyViewController.swift */,
				3DF7FAAB1E31341B006DD9E5 /* GameViewController.swift */,
				3DEF9E391E32E9F000882BDC /* MapViewController.swift */,
				3DFE79331E33FE1800DB7183 /* DirectionsViewController.swift */,
			);
			path = ViewControllers;
			sourceTree = "<group>";
		};
		3D9BF0D91E2FD005008F3F9B /* Model */ = {
			isa = PBXGroup;
			children = (
				3DBDD52A1E30217500D2A517 /* Game.swift */,
				3DBDD52C1E3021B300D2A517 /* GameModel.swift */,
			);
			path = Model;
			sourceTree = "<group>";
		};
		3D9BF0DA1E2FD01F008F3F9B /* Views */ = {
			isa = PBXGroup;
			children = (
				3DBDD52E1E3032C800D2A517 /* GameTableViewCell.swift */,
				3DF7FAAD1E313A9A006DD9E5 /* GameCollectionCell.swift */,
				3DEF9E351E32C18300882BDC /* AddressCell.swift */,
				3DEF9E371E32D27400882BDC /* SquadCell.swift */,
				3DEF40DE1E344EEE00237EBB /* DirectionHeaderCell.swift */,
				3DEF40E01E34563D00237EBB /* DirectionFooterCell.swift */,
			);
			path = Views;
			sourceTree = "<group>";
		};
		3DBDD5301E3048D000D2A517 /* Helpers */ = {
			isa = PBXGroup;
			children = (
				3DBDD5311E3048E200D2A517 /* Formatter.swift */,
			);
			path = Helpers;
			sourceTree = "<group>";
		};
		3DF7FAAF1E317130006DD9E5 /* Service */ = {
			isa = PBXGroup;
			children = (
				3DF7FAB01E3171D5006DD9E5 /* Service.swift */,
				3DF7FAB41E317802006DD9E5 /* Result.swift */,
			);
			path = Service;
			sourceTree = "<group>";
		};
/* End PBXGroup section */

/* Begin PBXNativeTarget section */
		3D9BF0C21E2FCFB5008F3F9B /* MyTeam */ = {
			isa = PBXNativeTarget;
			buildConfigurationList = 3D9BF0D51E2FCFB8008F3F9B /* Build configuration list for PBXNativeTarget "MyTeam" */;
			buildPhases = (
				3D9BF0BF1E2FCFB5008F3F9B /* Sources */,
				3D9BF0C01E2FCFB5008F3F9B /* Frameworks */,
				3D9BF0C11E2FCFB5008F3F9B /* Resources */,
			);
			buildRules = (
			);
			dependencies = (
			);
			name = MyTeam;
			productName = MyTeam;
			productReference = 3D9BF0C31E2FCFB5008F3F9B /* MyTeam.app */;
			productType = "com.apple.product-type.application";
		};
/* End PBXNativeTarget section */

/* Begin PBXProject section */
		3D9BF0BB1E2FCFB5008F3F9B /* Project object */ = {
			isa = PBXProject;
			attributes = {
				LastSwiftUpdateCheck = 0820;
				LastUpgradeCheck = 0820;
				ORGANIZATIONNAME = "Sofie De Plus";
				TargetAttributes = {
					3D9BF0C21E2FCFB5008F3F9B = {
						CreatedOnToolsVersion = 8.2.1;
						ProvisioningStyle = Automatic;
					};
				};
			};
			buildConfigurationList = 3D9BF0BE1E2FCFB5008F3F9B /* Build configuration list for PBXProject "MyTeam" */;
			compatibilityVersion = "Xcode 3.2";
			developmentRegion = English;
			hasScannedForEncodings = 0;
			knownRegions = (
				en,
				Base,
			);
			mainGroup = 3D9BF0BA1E2FCFB5008F3F9B;
			productRefGroup = 3D9BF0C41E2FCFB5008F3F9B /* Products */;
			projectDirPath = "";
			projectRoot = "";
			targets = (
				3D9BF0C21E2FCFB5008F3F9B /* MyTeam */,
			);
		};
/* End PBXProject section */

/* Begin PBXResourcesBuildPhase section */
		3D9BF0C11E2FCFB5008F3F9B /* Resources */ = {
			isa = PBXResourcesBuildPhase;
			buildActionMask = 2147483647;
			files = (
				3D9BF0D11E2FCFB7008F3F9B /* LaunchScreen.storyboard in Resources */,
				3D9BF0CE1E2FCFB7008F3F9B /* Assets.xcassets in Resources */,
				3D9BF0CC1E2FCFB6008F3F9B /* Main.storyboard in Resources */,
				3DF7FAB31E317226006DD9E5 /* Properties.plist in Resources */,
			);
			runOnlyForDeploymentPostprocessing = 0;
		};
/* End PBXResourcesBuildPhase section */

/* Begin PBXSourcesBuildPhase section */
		3D9BF0BF1E2FCFB5008F3F9B /* Sources */ = {
			isa = PBXSourcesBuildPhase;
			buildActionMask = 2147483647;
			files = (
				3DBDD5321E3048E200D2A517 /* Formatter.swift in Sources */,
				3DFE79341E33FE1800DB7183 /* DirectionsViewController.swift in Sources */,
				3DBDD52F1E3032C800D2A517 /* GameTableViewCell.swift in Sources */,
				3DF7FAAE1E313A9A006DD9E5 /* GameCollectionCell.swift in Sources */,
				3D9BF0C71E2FCFB5008F3F9B /* AppDelegate.swift in Sources */,
				3DBDD52D1E3021B300D2A517 /* GameModel.swift in Sources */,
				3DF7FAAC1E31341B006DD9E5 /* GameViewController.swift in Sources */,
				3DBDD52B1E30217500D2A517 /* Game.swift in Sources */,
				3DEF9E381E32D27400882BDC /* SquadCell.swift in Sources */,
				3DF7FAB11E3171D5006DD9E5 /* Service.swift in Sources */,
				3DF7FAAA1E313342006DD9E5 /* EmptyViewController.swift in Sources */,
				3DBDD5291E301A5D00D2A517 /* ScheduleViewController.swift in Sources */,
				3DEF9E361E32C18300882BDC /* AddressCell.swift in Sources */,
				3DEF40E11E34563D00237EBB /* DirectionFooterCell.swift in Sources */,
				3DF7FAB51E317802006DD9E5 /* Result.swift in Sources */,
				3DEF40DF1E344EEE00237EBB /* DirectionHeaderCell.swift in Sources */,
				3DEF9E3A1E32E9F000882BDC /* MapViewController.swift in Sources */,
			);
			runOnlyForDeploymentPostprocessing = 0;
		};
/* End PBXSourcesBuildPhase section */

/* Begin PBXVariantGroup section */
		3D9BF0CA1E2FCFB6008F3F9B /* Main.storyboard */ = {
			isa = PBXVariantGroup;
			children = (
				3D9BF0CB1E2FCFB6008F3F9B /* Base */,
			);
			name = Main.storyboard;
			sourceTree = "<group>";
		};
		3D9BF0CF1E2FCFB7008F3F9B /* LaunchScreen.storyboard */ = {
			isa = PBXVariantGroup;
			children = (
				3D9BF0D01E2FCFB7008F3F9B /* Base */,
			);
			name = LaunchScreen.storyboard;
			sourceTree = "<group>";
		};
/* End PBXVariantGroup section */

/* Begin XCBuildConfiguration section */
		3D9BF0D31E2FCFB8008F3F9B /* Debug */ = {
			isa = XCBuildConfiguration;
			buildSettings = {
				ALWAYS_SEARCH_USER_PATHS = NO;
				CLANG_ANALYZER_NONNULL = YES;
				CLANG_CXX_LANGUAGE_STANDARD = "gnu++0x";
				CLANG_CXX_LIBRARY = "libc++";
				CLANG_ENABLE_MODULES = YES;
				CLANG_ENABLE_OBJC_ARC = YES;
				CLANG_WARN_BOOL_CONVERSION = YES;
				CLANG_WARN_CONSTANT_CONVERSION = YES;
				CLANG_WARN_DIRECT_OBJC_ISA_USAGE = YES_ERROR;
				CLANG_WARN_DOCUMENTATION_COMMENTS = YES;
				CLANG_WARN_EMPTY_BODY = YES;
				CLANG_WARN_ENUM_CONVERSION = YES;
				CLANG_WARN_INFINITE_RECURSION = YES;
				CLANG_WARN_INT_CONVERSION = YES;
				CLANG_WARN_OBJC_ROOT_CLASS = YES_ERROR;
				CLANG_WARN_SUSPICIOUS_MOVE = YES;
				CLANG_WARN_UNREACHABLE_CODE = YES;
				CLANG_WARN__DUPLICATE_METHOD_MATCH = YES;
				"CODE_SIGN_IDENTITY[sdk=iphoneos*]" = "iPhone Developer";
				COPY_PHASE_STRIP = NO;
				DEBUG_INFORMATION_FORMAT = dwarf;
				ENABLE_STRICT_OBJC_MSGSEND = YES;
				ENABLE_TESTABILITY = YES;
				GCC_C_LANGUAGE_STANDARD = gnu99;
				GCC_DYNAMIC_NO_PIC = NO;
				GCC_NO_COMMON_BLOCKS = YES;
				GCC_OPTIMIZATION_LEVEL = 0;
				GCC_PREPROCESSOR_DEFINITIONS = (
					"DEBUG=1",
					"$(inherited)",
				);
				GCC_WARN_64_TO_32_BIT_CONVERSION = YES;
				GCC_WARN_ABOUT_RETURN_TYPE = YES_ERROR;
				GCC_WARN_UNDECLARED_SELECTOR = YES;
				GCC_WARN_UNINITIALIZED_AUTOS = YES_AGGRESSIVE;
				GCC_WARN_UNUSED_FUNCTION = YES;
				GCC_WARN_UNUSED_VARIABLE = YES;
				IPHONEOS_DEPLOYMENT_TARGET = 10.2;
				MTL_ENABLE_DEBUG_INFO = YES;
				ONLY_ACTIVE_ARCH = YES;
				SDKROOT = iphoneos;
				SWIFT_ACTIVE_COMPILATION_CONDITIONS = DEBUG;
				SWIFT_OPTIMIZATION_LEVEL = "-Onone";
				TARGETED_DEVICE_FAMILY = "1,2";
			};
			name = Debug;
		};
		3D9BF0D41E2FCFB8008F3F9B /* Release */ = {
			isa = XCBuildConfiguration;
			buildSettings = {
				ALWAYS_SEARCH_USER_PATHS = NO;
				CLANG_ANALYZER_NONNULL = YES;
				CLANG_CXX_LANGUAGE_STANDARD = "gnu++0x";
				CLANG_CXX_LIBRARY = "libc++";
				CLANG_ENABLE_MODULES = YES;
				CLANG_ENABLE_OBJC_ARC = YES;
				CLANG_WARN_BOOL_CONVERSION = YES;
				CLANG_WARN_CONSTANT_CONVERSION = YES;
				CLANG_WARN_DIRECT_OBJC_ISA_USAGE = YES_ERROR;
				CLANG_WARN_DOCUMENTATION_COMMENTS = YES;
				CLANG_WARN_EMPTY_BODY = YES;
				CLANG_WARN_ENUM_CONVERSION = YES;
				CLANG_WARN_INFINITE_RECURSION = YES;
				CLANG_WARN_INT_CONVERSION = YES;
				CLANG_WARN_OBJC_ROOT_CLASS = YES_ERROR;
				CLANG_WARN_SUSPICIOUS_MOVE = YES;
				CLANG_WARN_UNREACHABLE_CODE = YES;
				CLANG_WARN__DUPLICATE_METHOD_MATCH = YES;
				"CODE_SIGN_IDENTITY[sdk=iphoneos*]" = "iPhone Developer";
				COPY_PHASE_STRIP = NO;
				DEBUG_INFORMATION_FORMAT = "dwarf-with-dsym";
				ENABLE_NS_ASSERTIONS = NO;
				ENABLE_STRICT_OBJC_MSGSEND = YES;
				GCC_C_LANGUAGE_STANDARD = gnu99;
				GCC_NO_COMMON_BLOCKS = YES;
				GCC_WARN_64_TO_32_BIT_CONVERSION = YES;
				GCC_WARN_ABOUT_RETURN_TYPE = YES_ERROR;
				GCC_WARN_UNDECLARED_SELECTOR = YES;
				GCC_WARN_UNINITIALIZED_AUTOS = YES_AGGRESSIVE;
				GCC_WARN_UNUSED_FUNCTION = YES;
				GCC_WARN_UNUSED_VARIABLE = YES;
				IPHONEOS_DEPLOYMENT_TARGET = 10.2;
				MTL_ENABLE_DEBUG_INFO = NO;
				SDKROOT = iphoneos;
				SWIFT_OPTIMIZATION_LEVEL = "-Owholemodule";
				TARGETED_DEVICE_FAMILY = "1,2";
				VALIDATE_PRODUCT = YES;
			};
			name = Release;
		};
		3D9BF0D61E2FCFB8008F3F9B /* Debug */ = {
			isa = XCBuildConfiguration;
			buildSettings = {
				ASSETCATALOG_COMPILER_APPICON_NAME = AppIcon;
				DEVELOPMENT_TEAM = "";
				INFOPLIST_FILE = MyTeam/Info.plist;
				IPHONEOS_DEPLOYMENT_TARGET = 10.1;
				LD_RUNPATH_SEARCH_PATHS = "$(inherited) @executable_path/Frameworks";
				PRODUCT_BUNDLE_IDENTIFIER = kaagl.MyTeam;
				PRODUCT_NAME = "$(TARGET_NAME)";
				SWIFT_VERSION = 3.0;
			};
			name = Debug;
		};
		3D9BF0D71E2FCFB8008F3F9B /* Release */ = {
			isa = XCBuildConfiguration;
			buildSettings = {
				ASSETCATALOG_COMPILER_APPICON_NAME = AppIcon;
				DEVELOPMENT_TEAM = "";
				INFOPLIST_FILE = MyTeam/Info.plist;
				IPHONEOS_DEPLOYMENT_TARGET = 10.1;
				LD_RUNPATH_SEARCH_PATHS = "$(inherited) @executable_path/Frameworks";
				PRODUCT_BUNDLE_IDENTIFIER = kaagl.MyTeam;
				PRODUCT_NAME = "$(TARGET_NAME)";
				SWIFT_VERSION = 3.0;
			};
			name = Release;
		};
/* End XCBuildConfiguration section */

/* Begin XCConfigurationList section */
		3D9BF0BE1E2FCFB5008F3F9B /* Build configuration list for PBXProject "MyTeam" */ = {
			isa = XCConfigurationList;
			buildConfigurations = (
				3D9BF0D31E2FCFB8008F3F9B /* Debug */,
				3D9BF0D41E2FCFB8008F3F9B /* Release */,
			);
			defaultConfigurationIsVisible = 0;
			defaultConfigurationName = Release;
		};
		3D9BF0D51E2FCFB8008F3F9B /* Build configuration list for PBXNativeTarget "MyTeam" */ = {
			isa = XCConfigurationList;
			buildConfigurations = (
				3D9BF0D61E2FCFB8008F3F9B /* Debug */,
				3D9BF0D71E2FCFB8008F3F9B /* Release */,
			);
			defaultConfigurationIsVisible = 0;
			defaultConfigurationName = Release;
		};
/* End XCConfigurationList section */
	};
	rootObject = 3D9BF0BB1E2FCFB5008F3F9B /* Project object */;
}
